// !$*UTF8*$!
{
	archiveVersion = 1;
	classes = {
	};
	objectVersion = 46;
	objects = {

/* Begin PBXBuildFile section */
		504D70A01D3EE0E3004DC566 /* AppDelegate.swift in Sources */ = {isa = PBXBuildFile; fileRef = 504D709F1D3EE0E3004DC566 /* AppDelegate.swift */; };
		504D70A21D3EE0E3004DC566 /* ViewController.swift in Sources */ = {isa = PBXBuildFile; fileRef = 504D70A11D3EE0E3004DC566 /* ViewController.swift */; };
		504D70A51D3EE0E3004DC566 /* Main.storyboard in Resources */ = {isa = PBXBuildFile; fileRef = 504D70A31D3EE0E3004DC566 /* Main.storyboard */; };
		504D70A71D3EE0E3004DC566 /* Assets.xcassets in Resources */ = {isa = PBXBuildFile; fileRef = 504D70A61D3EE0E3004DC566 /* Assets.xcassets */; };
		504D70AA1D3EE0E3004DC566 /* LaunchScreen.storyboard in Resources */ = {isa = PBXBuildFile; fileRef = 504D70A81D3EE0E3004DC566 /* LaunchScreen.storyboard */; };
		504D70B51D3EE0E3004DC566 /* RxSwiftBindingExampleTests.swift in Sources */ = {isa = PBXBuildFile; fileRef = 504D70B41D3EE0E3004DC566 /* RxSwiftBindingExampleTests.swift */; };
		504D70C11D3EE4BF004DC566 /* RxCocoa.framework in Frameworks */ = {isa = PBXBuildFile; fileRef = 504D70BF1D3EE4BF004DC566 /* RxCocoa.framework */; };
		504D70C21D3EE4BF004DC566 /* RxSwift.framework in Frameworks */ = {isa = PBXBuildFile; fileRef = 504D70C01D3EE4BF004DC566 /* RxSwift.framework */; };
/* End PBXBuildFile section */

/* Begin PBXContainerItemProxy section */
		504D70B11D3EE0E3004DC566 /* PBXContainerItemProxy */ = {
			isa = PBXContainerItemProxy;
			containerPortal = 504D70941D3EE0E3004DC566 /* Project object */;
			proxyType = 1;
			remoteGlobalIDString = 504D709B1D3EE0E3004DC566;
			remoteInfo = RxSwiftBindingExample;
		};
/* End PBXContainerItemProxy section */

/* Begin PBXFileReference section */
		504D709C1D3EE0E3004DC566 /* RxSwiftBindingExample.app */ = {isa = PBXFileReference; explicitFileType = wrapper.application; includeInIndex = 0; path = RxSwiftBindingExample.app; sourceTree = BUILT_PRODUCTS_DIR; };
		504D709F1D3EE0E3004DC566 /* AppDelegate.swift */ = {isa = PBXFileReference; lastKnownFileType = sourcecode.swift; path = AppDelegate.swift; sourceTree = "<group>"; };
		504D70A11D3EE0E3004DC566 /* ViewController.swift */ = {isa = PBXFileReference; lastKnownFileType = sourcecode.swift; path = ViewController.swift; sourceTree = "<group>"; };
		504D70A41D3EE0E3004DC566 /* Base */ = {isa = PBXFileReference; lastKnownFileType = file.storyboard; name = Base; path = Base.lproj/Main.storyboard; sourceTree = "<group>"; };
		504D70A61D3EE0E3004DC566 /* Assets.xcassets */ = {isa = PBXFileReference; lastKnownFileType = folder.assetcatalog; path = Assets.xcassets; sourceTree = "<group>"; };
		504D70A91D3EE0E3004DC566 /* Base */ = {isa = PBXFileReference; lastKnownFileType = file.storyboard; name = Base; path = Base.lproj/LaunchScreen.storyboard; sourceTree = "<group>"; };
		504D70AB1D3EE0E3004DC566 /* Info.plist */ = {isa = PBXFileReference; lastKnownFileType = text.plist.xml; path = Info.plist; sourceTree = "<group>"; };
		504D70B01D3EE0E3004DC566 /* RxSwiftBindingExampleTests.xctest */ = {isa = PBXFileReference; explicitFileType = wrapper.cfbundle; includeInIndex = 0; path = RxSwiftBindingExampleTests.xctest; sourceTree = BUILT_PRODUCTS_DIR; };
		504D70B41D3EE0E3004DC566 /* RxSwiftBindingExampleTests.swift */ = {isa = PBXFileReference; lastKnownFileType = sourcecode.swift; path = RxSwiftBindingExampleTests.swift; sourceTree = "<group>"; };
		504D70B61D3EE0E3004DC566 /* Info.plist */ = {isa = PBXFileReference; lastKnownFileType = text.plist.xml; path = Info.plist; sourceTree = "<group>"; };
		504D70BF1D3EE4BF004DC566 /* RxCocoa.framework */ = {isa = PBXFileReference; lastKnownFileType = wrapper.framework; name = RxCocoa.framework; path = Carthage/Build/iOS/RxCocoa.framework; sourceTree = "<group>"; };
		504D70C01D3EE4BF004DC566 /* RxSwift.framework */ = {isa = PBXFileReference; lastKnownFileType = wrapper.framework; name = RxSwift.framework; path = Carthage/Build/iOS/RxSwift.framework; sourceTree = "<group>"; };
/* End PBXFileReference section */

/* Begin PBXFrameworksBuildPhase section */
		504D70991D3EE0E3004DC566 /* Frameworks */ = {
			isa = PBXFrameworksBuildPhase;
			buildActionMask = 2147483647;
			files = (
				504D70C21D3EE4BF004DC566 /* RxSwift.framework in Frameworks */,
				504D70C11D3EE4BF004DC566 /* RxCocoa.framework in Frameworks */,
			);
			runOnlyForDeploymentPostprocessing = 0;
		};
		504D70AD1D3EE0E3004DC566 /* Frameworks */ = {
			isa = PBXFrameworksBuildPhase;
			buildActionMask = 2147483647;
			files = (
			);
			runOnlyForDeploymentPostprocessing = 0;
		};
/* End PBXFrameworksBuildPhase section */

/* Begin PBXGroup section */
		504D70931D3EE0E3004DC566 = {
			isa = PBXGroup;
			children = (
				504D709E1D3EE0E3004DC566 /* RxSwiftBindingExample */,
				504D70B31D3EE0E3004DC566 /* RxSwiftBindingExampleTests */,
				504D70C41D3EE531004DC566 /* Frameworks */,
				504D709D1D3EE0E3004DC566 /* Products */,
			);
			sourceTree = "<group>";
		};
		504D709D1D3EE0E3004DC566 /* Products */ = {
			isa = PBXGroup;
			children = (
				504D709C1D3EE0E3004DC566 /* RxSwiftBindingExample.app */,
				504D70B01D3EE0E3004DC566 /* RxSwiftBindingExampleTests.xctest */,
			);
			name = Products;
			sourceTree = "<group>";
		};
		504D709E1D3EE0E3004DC566 /* RxSwiftBindingExample */ = {
			isa = PBXGroup;
			children = (
				504D709F1D3EE0E3004DC566 /* AppDelegate.swift */,
				504D70A11D3EE0E3004DC566 /* ViewController.swift */,
				504D70A31D3EE0E3004DC566 /* Main.storyboard */,
				504D70A61D3EE0E3004DC566 /* Assets.xcassets */,
				504D70A81D3EE0E3004DC566 /* LaunchScreen.storyboard */,
				504D70AB1D3EE0E3004DC566 /* Info.plist */,
			);
			path = RxSwiftBindingExample;
			sourceTree = "<group>";
		};
		504D70B31D3EE0E3004DC566 /* RxSwiftBindingExampleTests */ = {
			isa = PBXGroup;
			children = (
				504D70B41D3EE0E3004DC566 /* RxSwiftBindingExampleTests.swift */,
				504D70B61D3EE0E3004DC566 /* Info.plist */,
			);
			path = RxSwiftBindingExampleTests;
			sourceTree = "<group>";
		};
		504D70C41D3EE531004DC566 /* Frameworks */ = {
			isa = PBXGroup;
			children = (
				504D70C01D3EE4BF004DC566 /* RxSwift.framework */,
				504D70BF1D3EE4BF004DC566 /* RxCocoa.framework */,
			);
			name = Frameworks;
			sourceTree = "<group>";
		};
/* End PBXGroup section */

/* Begin PBXNativeTarget section */
		504D709B1D3EE0E3004DC566 /* RxSwiftBindingExample */ = {
			isa = PBXNativeTarget;
			buildConfigurationList = 504D70B91D3EE0E3004DC566 /* Build configuration list for PBXNativeTarget "RxSwiftBindingExample" */;
			buildPhases = (
				504D70981D3EE0E3004DC566 /* Sources */,
				504D70991D3EE0E3004DC566 /* Frameworks */,
				504D709A1D3EE0E3004DC566 /* Resources */,
				504D70C31D3EE4E6004DC566 /* ShellScript */,
			);
			buildRules = (
			);
			dependencies = (
			);
			name = RxSwiftBindingExample;
			productName = RxSwiftBindingExample;
			productReference = 504D709C1D3EE0E3004DC566 /* RxSwiftBindingExample.app */;
			productType = "com.apple.product-type.application";
		};
		504D70AF1D3EE0E3004DC566 /* RxSwiftBindingExampleTests */ = {
			isa = PBXNativeTarget;
			buildConfigurationList = 504D70BC1D3EE0E3004DC566 /* Build configuration list for PBXNativeTarget "RxSwiftBindingExampleTests" */;
			buildPhases = (
				504D70AC1D3EE0E3004DC566 /* Sources */,
				504D70AD1D3EE0E3004DC566 /* Frameworks */,
				504D70AE1D3EE0E3004DC566 /* Resources */,
			);
			buildRules = (
			);
			dependencies = (
				504D70B21D3EE0E3004DC566 /* PBXTargetDependency */,
			);
			name = RxSwiftBindingExampleTests;
			productName = RxSwiftBindingExampleTests;
			productReference = 504D70B01D3EE0E3004DC566 /* RxSwiftBindingExampleTests.xctest */;
			productType = "com.apple.product-type.bundle.unit-test";
		};
/* End PBXNativeTarget section */

/* Begin PBXProject section */
		504D70941D3EE0E3004DC566 /* Project object */ = {
			isa = PBXProject;
			attributes = {
				LastSwiftUpdateCheck = 0730;
				LastUpgradeCheck = 0730;
				ORGANIZATIONNAME = hironytic;
				TargetAttributes = {
					504D709B1D3EE0E3004DC566 = {
						CreatedOnToolsVersion = 7.3.1;
						LastSwiftMigration = 0810;
					};
					504D70AF1D3EE0E3004DC566 = {
						CreatedOnToolsVersion = 7.3.1;
						LastSwiftMigration = 0810;
						TestTargetID = 504D709B1D3EE0E3004DC566;
					};
				};
			};
			buildConfigurationList = 504D70971D3EE0E3004DC566 /* Build configuration list for PBXProject "RxSwiftBindingExample" */;
			compatibilityVersion = "Xcode 3.2";
			developmentRegion = English;
			hasScannedForEncodings = 0;
			knownRegions = (
				en,
				Base,
			);
			mainGroup = 504D70931D3EE0E3004DC566;
			productRefGroup = 504D709D1D3EE0E3004DC566 /* Products */;
			projectDirPath = "";
			projectRoot = "";
			targets = (
				504D709B1D3EE0E3004DC566 /* RxSwiftBindingExample */,
				504D70AF1D3EE0E3004DC566 /* RxSwiftBindingExampleTests */,
			);
		};
/* End PBXProject section */

/* Begin PBXResourcesBuildPhase section */
		504D709A1D3EE0E3004DC566 /* Resources */ = {
			isa = PBXResourcesBuildPhase;
			buildActionMask = 2147483647;
			files = (
				504D70AA1D3EE0E3004DC566 /* LaunchScreen.storyboard in Resources */,
				504D70A71D3EE0E3004DC566 /* Assets.xcassets in Resources */,
				504D70A51D3EE0E3004DC566 /* Main.storyboard in Resources */,
			);
			runOnlyForDeploymentPostprocessing = 0;
		};
		504D70AE1D3EE0E3004DC566 /* Resources */ = {
			isa = PBXResourcesBuildPhase;
			buildActionMask = 2147483647;
			files = (
			);
			runOnlyForDeploymentPostprocessing = 0;
		};
/* End PBXResourcesBuildPhase section */

/* Begin PBXShellScriptBuildPhase section */
		504D70C31D3EE4E6004DC566 /* ShellScript */ = {
			isa = PBXShellScriptBuildPhase;
			buildActionMask = 2147483647;
			files = (
			);
			inputPaths = (
				"$(SRCROOT)/Carthage/Build/iOS/RxSwift.framework",
				"$(SRCROOT)/Carthage/Build/iOS/RxCocoa.framework",
			);
			outputPaths = (
			);
			runOnlyForDeploymentPostprocessing = 0;
			shellPath = /bin/sh;
			shellScript = "/usr/local/bin/carthage copy-frameworks";
		};
/* End PBXShellScriptBuildPhase section */

/* Begin PBXSourcesBuildPhase section */
		504D70981D3EE0E3004DC566 /* Sources */ = {
			isa = PBXSourcesBuildPhase;
			buildActionMask = 2147483647;
			files = (
				504D70A21D3EE0E3004DC566 /* ViewController.swift in Sources */,
				504D70A01D3EE0E3004DC566 /* AppDelegate.swift in Sources */,
			);
			runOnlyForDeploymentPostprocessing = 0;
		};
		504D70AC1D3EE0E3004DC566 /* Sources */ = {
			isa = PBXSourcesBuildPhase;
			buildActionMask = 2147483647;
			files = (
				504D70B51D3EE0E3004DC566 /* RxSwiftBindingExampleTests.swift in Sources */,
			);
			runOnlyForDeploymentPostprocessing = 0;
		};
/* End PBXSourcesBuildPhase section */

/* Begin PBXTargetDependency section */
		504D70B21D3EE0E3004DC566 /* PBXTargetDependency */ = {
			isa = PBXTargetDependency;
			target = 504D709B1D3EE0E3004DC566 /* RxSwiftBindingExample */;
			targetProxy = 504D70B11D3EE0E3004DC566 /* PBXContainerItemProxy */;
		};
/* End PBXTargetDependency section */

/* Begin PBXVariantGroup section */
		504D70A31D3EE0E3004DC566 /* Main.storyboard */ = {
			isa = PBXVariantGroup;
			children = (
				504D70A41D3EE0E3004DC566 /* Base */,
			);
			name = Main.storyboard;
			sourceTree = "<group>";
		};
		504D70A81D3EE0E3004DC566 /* LaunchScreen.storyboard */ = {
			isa = PBXVariantGroup;
			children = (
				504D70A91D3EE0E3004DC566 /* Base */,
			);
			name = LaunchScreen.storyboard;
			sourceTree = "<group>";
		};
/* End PBXVariantGroup section */

/* Begin XCBuildConfiguration section */
		504D70B71D3EE0E3004DC566 /* Debug */ = {
			isa = XCBuildConfiguration;
			buildSettings = {
				ALWAYS_SEARCH_USER_PATHS = NO;
				CLANG_ANALYZER_NONNULL = YES;
				CLANG_CXX_LANGUAGE_STANDARD = "gnu++0x";
				CLANG_CXX_LIBRARY = "libc++";
				CLANG_ENABLE_MODULES = YES;
				CLANG_ENABLE_OBJC_ARC = YES;
				CLANG_WARN_BOOL_CONVERSION = YES;
				CLANG_WARN_CONSTANT_CONVERSION = YES;
				CLANG_WARN_DIRECT_OBJC_ISA_USAGE = YES_ERROR;
				CLANG_WARN_EMPTY_BODY = YES;
				CLANG_WARN_ENUM_CONVERSION = YES;
				CLANG_WARN_INT_CONVERSION = YES;
				CLANG_WARN_OBJC_ROOT_CLASS = YES_ERROR;
				CLANG_WARN_UNREACHABLE_CODE = YES;
				CLANG_WARN__DUPLICATE_METHOD_MATCH = YES;
				"CODE_SIGN_IDENTITY[sdk=iphoneos*]" = "iPhone Developer";
				COPY_PHASE_STRIP = NO;
				DEBUG_INFORMATION_FORMAT = dwarf;
				ENABLE_STRICT_OBJC_MSGSEND = YES;
				ENABLE_TESTABILITY = YES;
				GCC_C_LANGUAGE_STANDARD = gnu99;
				GCC_DYNAMIC_NO_PIC = NO;
				GCC_NO_COMMON_BLOCKS = YES;
				GCC_OPTIMIZATION_LEVEL = 0;
				GCC_PREPROCESSOR_DEFINITIONS = (
					"DEBUG=1",
					"$(inherited)",
				);
				GCC_WARN_64_TO_32_BIT_CONVERSION = YES;
				GCC_WARN_ABOUT_RETURN_TYPE = YES_ERROR;
				GCC_WARN_UNDECLARED_SELECTOR = YES;
				GCC_WARN_UNINITIALIZED_AUTOS = YES_AGGRESSIVE;
				GCC_WARN_UNUSED_FUNCTION = YES;
				GCC_WARN_UNUSED_VARIABLE = YES;
				IPHONEOS_DEPLOYMENT_TARGET = 9.3;
				MTL_ENABLE_DEBUG_INFO = YES;
				ONLY_ACTIVE_ARCH = YES;
				SDKROOT = iphoneos;
				SWIFT_OPTIMIZATION_LEVEL = "-Onone";
				TARGETED_DEVICE_FAMILY = "1,2";
			};
			name = Debug;
		};
		504D70B81D3EE0E3004DC566 /* Release */ = {
			isa = XCBuildConfiguration;
			buildSettings = {
				ALWAYS_SEARCH_USER_PATHS = NO;
				CLANG_ANALYZER_NONNULL = YES;
				CLANG_CXX_LANGUAGE_STANDARD = "gnu++0x";
				CLANG_CXX_LIBRARY = "libc++";
				CLANG_ENABLE_MODULES = YES;
				CLANG_ENABLE_OBJC_ARC = YES;
				CLANG_WARN_BOOL_CONVERSION = YES;
				CLANG_WARN_CONSTANT_CONVERSION = YES;
				CLANG_WARN_DIRECT_OBJC_ISA_USAGE = YES_ERROR;
				CLANG_WARN_EMPTY_BODY = YES;
				CLANG_WARN_ENUM_CONVERSION = YES;
				CLANG_WARN_INT_CONVERSION = YES;
				CLANG_WARN_OBJC_ROOT_CLASS = YES_ERROR;
				CLANG_WARN_UNREACHABLE_CODE = YES;
				CLANG_WARN__DUPLICATE_METHOD_MATCH = YES;
				"CODE_SIGN_IDENTITY[sdk=iphoneos*]" = "iPhone Developer";
				COPY_PHASE_STRIP = NO;
				DEBUG_INFORMATION_FORMAT = "dwarf-with-dsym";
				ENABLE_NS_ASSERTIONS = NO;
				ENABLE_STRICT_OBJC_MSGSEND = YES;
				GCC_C_LANGUAGE_STANDARD = gnu99;
				GCC_NO_COMMON_BLOCKS = YES;
				GCC_WARN_64_TO_32_BIT_CONVERSION = YES;
				GCC_WARN_ABOUT_RETURN_TYPE = YES_ERROR;
				GCC_WARN_UNDECLARED_SELECTOR = YES;
				GCC_WARN_UNINITIALIZED_AUTOS = YES_AGGRESSIVE;
				GCC_WARN_UNUSED_FUNCTION = YES;
				GCC_WARN_UNUSED_VARIABLE = YES;
				IPHONEOS_DEPLOYMENT_TARGET = 9.3;
				MTL_ENABLE_DEBUG_INFO = NO;
				SDKROOT = iphoneos;
				TARGETED_DEVICE_FAMILY = "1,2";
				VALIDATE_PRODUCT = YES;
			};
			name = Release;
		};
		504D70BA1D3EE0E3004DC566 /* Debug */ = {
			isa = XCBuildConfiguration;
			buildSettings = {
				ASSETCATALOG_COMPILER_APPICON_NAME = AppIcon;
				FRAMEWORK_SEARCH_PATHS = (
					"$(inherited)",
					"$(PROJECT_DIR)/Carthage/Build/iOS",
				);
				INFOPLIST_FILE = RxSwiftBindingExample/Info.plist;
				LD_RUNPATH_SEARCH_PATHS = "$(inherited) @executable_path/Frameworks";
				PRODUCT_BUNDLE_IDENTIFIER = com.hironytic.sample.RxSwiftBindingExample;
				PRODUCT_NAME = "$(TARGET_NAME)";
				SWIFT_VERSION = 3.0;
			};
			name = Debug;
		};
		504D70BB1D3EE0E3004DC566 /* Release */ = {
			isa = XCBuildConfiguration;
			buildSettings = {
				ASSETCATALOG_COMPILER_APPICON_NAME = AppIcon;
				FRAMEWORK_SEARCH_PATHS = (
					"$(inherited)",
					"$(PROJECT_DIR)/Carthage/Build/iOS",
				);
				INFOPLIST_FILE = RxSwiftBindingExample/Info.plist;
				LD_RUNPATH_SEARCH_PATHS = "$(inherited) @executable_path/Frameworks";
				PRODUCT_BUNDLE_IDENTIFIER = com.hironytic.sample.RxSwiftBindingExample;
				PRODUCT_NAME = "$(TARGET_NAME)";
				SWIFT_VERSION = 3.0;
			};
			name = Release;
		};
		504D70BD1D3EE0E3004DC566 /* Debug */ = {
			isa = XCBuildConfiguration;
			buildSettings = {
				BUNDLE_LOADER = "$(TEST_HOST)";
				FRAMEWORK_SEARCH_PATHS = "$(SRCROOT)/Carthage/Build/iOS";
				INFOPLIST_FILE = RxSwiftBindingExampleTests/Info.plist;
				LD_RUNPATH_SEARCH_PATHS = "$(inherited) @executable_path/Frameworks @loader_path/Frameworks";
				PRODUCT_BUNDLE_IDENTIFIER = com.hironytic.sample.RxSwiftBindingExampleTests;
				PRODUCT_NAME = "$(TARGET_NAME)";
				SWIFT_VERSION = 3.0;
				TEST_HOST = "$(BUILT_PRODUCTS_DIR)/RxSwiftBindingExample.app/RxSwiftBindingExample";
			};
			name = Debug;
		};
		504D70BE1D3EE0E3004DC566 /* Release */ = {
			isa = XCBuildConfiguration;
			buildSettings = {
				BUNDLE_LOADER = "$(TEST_HOST)";
				FRAMEWORK_SEARCH_PATHS = "$(SRCROOT)/Carthage/Build/iOS";
				INFOPLIST_FILE = RxSwiftBindingExampleTests/Info.plist;
				LD_RUNPATH_SEARCH_PATHS = "$(inherited) @executable_path/Frameworks @loader_path/Frameworks";
				PRODUCT_BUNDLE_IDENTIFIER = com.hironytic.sample.RxSwiftBindingExampleTests;
				PRODUCT_NAME = "$(TARGET_NAME)";
				SWIFT_VERSION = 3.0;
				TEST_HOST = "$(BUILT_PRODUCTS_DIR)/RxSwiftBindingExample.app/RxSwiftBindingExample";
			};
			name = Release;
		};
/* End XCBuildConfiguration section */

/* Begin XCConfigurationList section */
		504D70971D3EE0E3004DC566 /* Build configuration list for PBXProject "RxSwiftBindingExample" */ = {
			isa = XCConfigurationList;
			buildConfigurations = (
				504D70B71D3EE0E3004DC566 /* Debug */,
				504D70B81D3EE0E3004DC566 /* Release */,
			);
			defaultConfigurationIsVisible = 0;
			defaultConfigurationName = Release;
		};
		504D70B91D3EE0E3004DC566 /* Build configuration list for PBXNativeTarget "RxSwiftBindingExample" */ = {
			isa = XCConfigurationList;
			buildConfigurations = (
				504D70BA1D3EE0E3004DC566 /* Debug */,
				504D70BB1D3EE0E3004DC566 /* Release */,
			);
			defaultConfigurationIsVisible = 0;
			defaultConfigurationName = Release;
		};
		504D70BC1D3EE0E3004DC566 /* Build configuration list for PBXNativeTarget "RxSwiftBindingExampleTests" */ = {
			isa = XCConfigurationList;
			buildConfigurations = (
				504D70BD1D3EE0E3004DC566 /* Debug */,
				504D70BE1D3EE0E3004DC566 /* Release */,
			);
			defaultConfigurationIsVisible = 0;
			defaultConfigurationName = Release;
		};
/* End XCConfigurationList section */
	};
	rootObject = 504D70941D3EE0E3004DC566 /* Project object */;
}
